
Microsoft Visual Studio Solution File, Format Version 12.00
# TcXaeShell Solution File, Format Version 11.00
VisualStudioVersion = 17.10.35827.194
MinimumVisualStudioVersion = 10.0.40219.1
Project("{B1E792BE-AA5F-4E3C-8C82-674BF9C0715B}") = "3 sort order", "3 sort order.tsproj", "{890A3A95-1595-46DB-BDB1-006B8A9EE219}"
EndProject
Global
	GlobalSection(SolutionConfigurationPlatforms) = preSolution
		Debug|TwinCAT OS (ARMV7-A) = Debug|TwinCAT OS (ARMV7-A)
		Debug|TwinCAT OS (ARMV7-M) = Debug|TwinCAT OS (ARMV7-M)
		Debug|TwinCAT OS (ARMV8-A) = Debug|TwinCAT OS (ARMV8-A)
		Debug|TwinCAT OS (x64) = Debug|TwinCAT OS (x64)
		Debug|TwinCAT OS (x64-E) = Debug|TwinCAT OS (x64-E)
		Debug|TwinCAT RT (x64) = Debug|TwinCAT RT (x64)
		Debug|TwinCAT RT (x86) = Debug|TwinCAT RT (x86)
		Release|TwinCAT OS (ARMV7-A) = Release|TwinCAT OS (ARMV7-A)
		Release|TwinCAT OS (ARMV7-M) = Release|TwinCAT OS (ARMV7-M)
		Release|TwinCAT OS (ARMV8-A) = Release|TwinCAT OS (ARMV8-A)
		Release|TwinCAT OS (x64) = Release|TwinCAT OS (x64)
		Release|TwinCAT OS (x64-E) = Release|TwinCAT OS (x64-E)
		Release|TwinCAT RT (x64) = Release|TwinCAT RT (x64)
		Release|TwinCAT RT (x86) = Release|TwinCAT RT (x86)
	EndGlobalSection
	GlobalSection(ProjectConfigurationPlatforms) = postSolution
		{890A3A95-1595-46DB-BDB1-006B8A9EE219}.Debug|TwinCAT OS (ARMV7-A).ActiveCfg = Debug|TwinCAT OS (ARMV7-A)
		{890A3A95-1595-46DB-BDB1-006B8A9EE219}.Debug|TwinCAT OS (ARMV7-A).Build.0 = Debug|TwinCAT OS (ARMV7-A)
		{890A3A95-1595-46DB-BDB1-006B8A9EE219}.Debug|TwinCAT OS (ARMV7-M).ActiveCfg = Debug|TwinCAT OS (ARMV7-M)
		{890A3A95-1595-46DB-BDB1-006B8A9EE219}.Debug|TwinCAT OS (ARMV7-M).Build.0 = Debug|TwinCAT OS (ARMV7-M)
		{890A3A95-1595-46DB-BDB1-006B8A9EE219}.Debug|TwinCAT OS (ARMV8-A).ActiveCfg = Debug|TwinCAT OS (ARMV8-A)
		{890A3A95-1595-46DB-BDB1-006B8A9EE219}.Debug|TwinCAT OS (ARMV8-A).Build.0 = Debug|TwinCAT OS (ARMV8-A)
		{890A3A95-1595-46DB-BDB1-006B8A9EE219}.Debug|TwinCAT OS (x64).ActiveCfg = Debug|TwinCAT OS (x64)
		{890A3A95-1595-46DB-BDB1-006B8A9EE219}.Debug|TwinCAT OS (x64).Build.0 = Debug|TwinCAT OS (x64)
		{890A3A95-1595-46DB-BDB1-006B8A9EE219}.Debug|TwinCAT OS (x64-E).ActiveCfg = Debug|TwinCAT OS (x64-E)
		{890A3A95-1595-46DB-BDB1-006B8A9EE219}.Debug|TwinCAT OS (x64-E).Build.0 = Debug|TwinCAT OS (x64-E)
		{890A3A95-1595-46DB-BDB1-006B8A9EE219}.Debug|TwinCAT RT (x64).ActiveCfg = Debug|TwinCAT RT (x64)
		{890A3A95-1595-46DB-BDB1-006B8A9EE219}.Debug|TwinCAT RT (x64).Build.0 = Debug|TwinCAT RT (x64)
		{890A3A95-1595-46DB-BDB1-006B8A9EE219}.Debug|TwinCAT RT (x86).ActiveCfg = Debug|TwinCAT RT (x86)
		{890A3A95-1595-46DB-BDB1-006B8A9EE219}.Debug|TwinCAT RT (x86).Build.0 = Debug|TwinCAT RT (x86)
		{890A3A95-1595-46DB-BDB1-006B8A9EE219}.Release|TwinCAT OS (ARMV7-A).ActiveCfg = Release|TwinCAT OS (ARMV7-A)
		{890A3A95-1595-46DB-BDB1-006B8A9EE219}.Release|TwinCAT OS (ARMV7-A).Build.0 = Release|TwinCAT OS (ARMV7-A)
		{890A3A95-1595-46DB-BDB1-006B8A9EE219}.Release|TwinCAT OS (ARMV7-M).ActiveCfg = Release|TwinCAT OS (ARMV7-M)
		{890A3A95-1595-46DB-BDB1-006B8A9EE219}.Release|TwinCAT OS (ARMV7-M).Build.0 = Release|TwinCAT OS (ARMV7-M)
		{890A3A95-1595-46DB-BDB1-006B8A9EE219}.Release|TwinCAT OS (ARMV8-A).ActiveCfg = Release|TwinCAT OS (ARMV8-A)
		{890A3A95-1595-46DB-BDB1-006B8A9EE219}.Release|TwinCAT OS (ARMV8-A).Build.0 = Release|TwinCAT OS (ARMV8-A)
		{890A3A95-1595-46DB-BDB1-006B8A9EE219}.Release|TwinCAT OS (x64).ActiveCfg = Release|TwinCAT OS (x64)
		{890A3A95-1595-46DB-BDB1-006B8A9EE219}.Release|TwinCAT OS (x64).Build.0 = Release|TwinCAT OS (x64)
		{890A3A95-1595-46DB-BDB1-006B8A9EE219}.Release|TwinCAT OS (x64-E).ActiveCfg = Release|TwinCAT OS (x64-E)
		{890A3A95-1595-46DB-BDB1-006B8A9EE219}.Release|TwinCAT OS (x64-E).Build.0 = Release|TwinCAT OS (x64-E)
		{890A3A95-1595-46DB-BDB1-006B8A9EE219}.Release|TwinCAT RT (x64).ActiveCfg = Release|TwinCAT RT (x64)
		{890A3A95-1595-46DB-BDB1-006B8A9EE219}.Release|TwinCAT RT (x64).Build.0 = Release|TwinCAT RT (x64)
		{890A3A95-1595-46DB-BDB1-006B8A9EE219}.Release|TwinCAT RT (x86).ActiveCfg = Release|TwinCAT RT (x86)
		{890A3A95-1595-46DB-BDB1-006B8A9EE219}.Release|TwinCAT RT (x86).Build.0 = Release|TwinCAT RT (x86)
		{B0DC0AAF-1AB9-4F6B-A122-F5DD29E9F620}.Debug|TwinCAT OS (ARMV7-A).ActiveCfg = Debug|TwinCAT OS (ARMV7-A)
		{B0DC0AAF-1AB9-4F6B-A122-F5DD29E9F620}.Debug|TwinCAT OS (ARMV7-A).Build.0 = Debug|TwinCAT OS (ARMV7-A)
		{B0DC0AAF-1AB9-4F6B-A122-F5DD29E9F620}.Debug|TwinCAT OS (ARMV7-M).ActiveCfg = Debug|TwinCAT OS (ARMV7-M)
		{B0DC0AAF-1AB9-4F6B-A122-F5DD29E9F620}.Debug|TwinCAT OS (ARMV7-M).Build.0 = Debug|TwinCAT OS (ARMV7-M)
		{B0DC0AAF-1AB9-4F6B-A122-F5DD29E9F620}.Debug|TwinCAT OS (ARMV8-A).ActiveCfg = Debug|TwinCAT OS (ARMV8-A)
		{B0DC0AAF-1AB9-4F6B-A122-F5DD29E9F620}.Debug|TwinCAT OS (ARMV8-A).Build.0 = Debug|TwinCAT OS (ARMV8-A)
		{B0DC0AAF-1AB9-4F6B-A122-F5DD29E9F620}.Debug|TwinCAT OS (x64).ActiveCfg = Debug|TwinCAT OS (x64)
		{B0DC0AAF-1AB9-4F6B-A122-F5DD29E9F620}.Debug|TwinCAT OS (x64).Build.0 = Debug|TwinCAT OS (x64)
		{B0DC0AAF-1AB9-4F6B-A122-F5DD29E9F620}.Debug|TwinCAT OS (x64-E).ActiveCfg = Debug|TwinCAT OS (x64-E)
		{B0DC0AAF-1AB9-4F6B-A122-F5DD29E9F620}.Debug|TwinCAT OS (x64-E).Build.0 = Debug|TwinCAT OS (x64-E)
		{B0DC0AAF-1AB9-4F6B-A122-F5DD29E9F620}.Debug|TwinCAT RT (x64).ActiveCfg = Debug|TwinCAT RT (x64)
		{B0DC0AAF-1AB9-4F6B-A122-F5DD29E9F620}.Debug|TwinCAT RT (x64).Build.0 = Debug|TwinCAT RT (x64)
		{B0DC0AAF-1AB9-4F6B-A122-F5DD29E9F620}.Debug|TwinCAT RT (x86).ActiveCfg = Debug|TwinCAT RT (x86)
		{B0DC0AAF-1AB9-4F6B-A122-F5DD29E9F620}.Debug|TwinCAT RT (x86).Build.0 = Debug|TwinCAT RT (x86)
		{B0DC0AAF-1AB9-4F6B-A122-F5DD29E9F620}.Release|TwinCAT OS (ARMV7-A).ActiveCfg = Release|TwinCAT OS (ARMV7-A)
		{B0DC0AAF-1AB9-4F6B-A122-F5DD29E9F620}.Release|TwinCAT OS (ARMV7-A).Build.0 = Release|TwinCAT OS (ARMV7-A)
		{B0DC0AAF-1AB9-4F6B-A122-F5DD29E9F620}.Release|TwinCAT OS (ARMV7-M).ActiveCfg = Release|TwinCAT OS (ARMV7-M)
		{B0DC0AAF-1AB9-4F6B-A122-F5DD29E9F620}.Release|TwinCAT OS (ARMV7-M).Build.0 = Release|TwinCAT OS (ARMV7-M)
		{B0DC0AAF-1AB9-4F6B-A122-F5DD29E9F620}.Release|TwinCAT OS (ARMV8-A).ActiveCfg = Release|TwinCAT OS (ARMV8-A)
		{B0DC0AAF-1AB9-4F6B-A122-F5DD29E9F620}.Release|TwinCAT OS (ARMV8-A).Build.0 = Release|TwinCAT OS (ARMV8-A)
		{B0DC0AAF-1AB9-4F6B-A122-F5DD29E9F620}.Release|TwinCAT OS (x64).ActiveCfg = Release|TwinCAT OS (x64)
		{B0DC0AAF-1AB9-4F6B-A122-F5DD29E9F620}.Release|TwinCAT OS (x64).Build.0 = Release|TwinCAT OS (x64)
		{B0DC0AAF-1AB9-4F6B-A122-F5DD29E9F620}.Release|TwinCAT OS (x64-E).ActiveCfg = Release|TwinCAT OS (x64-E)
		{B0DC0AAF-1AB9-4F6B-A122-F5DD29E9F620}.Release|TwinCAT OS (x64-E).Build.0 = Release|TwinCAT OS (x64-E)
		{B0DC0AAF-1AB9-4F6B-A122-F5DD29E9F620}.Release|TwinCAT RT (x64).ActiveCfg = Release|TwinCAT RT (x64)
		{B0DC0AAF-1AB9-4F6B-A122-F5DD29E9F620}.Release|TwinCAT RT (x64).Build.0 = Release|TwinCAT RT (x64)
		{B0DC0AAF-1AB9-4F6B-A122-F5DD29E9F620}.Release|TwinCAT RT (x86).ActiveCfg = Release|TwinCAT RT (x86)
		{B0DC0AAF-1AB9-4F6B-A122-F5DD29E9F620}.Release|TwinCAT RT (x86).Build.0 = Release|TwinCAT RT (x86)
		{EA744023-1A56-403E-8D3D-86E6EC45C403}.Debug|TwinCAT OS (ARMV7-A).ActiveCfg = Debug|TwinCAT OS (ARMV7-A)
		{EA744023-1A56-403E-8D3D-86E6EC45C403}.Debug|TwinCAT OS (ARMV7-A).Build.0 = Debug|TwinCAT OS (ARMV7-A)
		{EA744023-1A56-403E-8D3D-86E6EC45C403}.Debug|TwinCAT OS (ARMV7-M).ActiveCfg = Debug|TwinCAT OS (ARMV7-M)
		{EA744023-1A56-403E-8D3D-86E6EC45C403}.Debug|TwinCAT OS (ARMV7-M).Build.0 = Debug|TwinCAT OS (ARMV7-M)
		{EA744023-1A56-403E-8D3D-86E6EC45C403}.Debug|TwinCAT OS (ARMV8-A).ActiveCfg = Debug|TwinCAT OS (ARMV8-A)
		{EA744023-1A56-403E-8D3D-86E6EC45C403}.Debug|TwinCAT OS (ARMV8-A).Build.0 = Debug|TwinCAT OS (ARMV8-A)
		{EA744023-1A56-403E-8D3D-86E6EC45C403}.Debug|TwinCAT OS (x64).ActiveCfg = Debug|TwinCAT OS (x64)
		{EA744023-1A56-403E-8D3D-86E6EC45C403}.Debug|TwinCAT OS (x64).Build.0 = Debug|TwinCAT OS (x64)
		{EA744023-1A56-403E-8D3D-86E6EC45C403}.Debug|TwinCAT OS (x64-E).ActiveCfg = Debug|TwinCAT OS (x64-E)
		{EA744023-1A56-403E-8D3D-86E6EC45C403}.Debug|TwinCAT OS (x64-E).Build.0 = Debug|TwinCAT OS (x64-E)
		{EA744023-1A56-403E-8D3D-86E6EC45C403}.Debug|TwinCAT RT (x64).ActiveCfg = Debug|TwinCAT RT (x64)
		{EA744023-1A56-403E-8D3D-86E6EC45C403}.Debug|TwinCAT RT (x64).Build.0 = Debug|TwinCAT RT (x64)
		{EA744023-1A56-403E-8D3D-86E6EC45C403}.Debug|TwinCAT RT (x86).ActiveCfg = Debug|TwinCAT RT (x86)
		{EA744023-1A56-403E-8D3D-86E6EC45C403}.Debug|TwinCAT RT (x86).Build.0 = Debug|TwinCAT RT (x86)
		{EA744023-1A56-403E-8D3D-86E6EC45C403}.Release|TwinCAT OS (ARMV7-A).ActiveCfg = Release|TwinCAT OS (ARMV7-A)
		{EA744023-1A56-403E-8D3D-86E6EC45C403}.Release|TwinCAT OS (ARMV7-A).Build.0 = Release|TwinCAT OS (ARMV7-A)
		{EA744023-1A56-403E-8D3D-86E6EC45C403}.Release|TwinCAT OS (ARMV7-M).ActiveCfg = Release|TwinCAT OS (ARMV7-M)
		{EA744023-1A56-403E-8D3D-86E6EC45C403}.Release|TwinCAT OS (ARMV7-M).Build.0 = Release|TwinCAT OS (ARMV7-M)
		{EA744023-1A56-403E-8D3D-86E6EC45C403}.Release|TwinCAT OS (ARMV8-A).ActiveCfg = Release|TwinCAT OS (ARMV8-A)
		{EA744023-1A56-403E-8D3D-86E6EC45C403}.Release|TwinCAT OS (ARMV8-A).Build.0 = Release|TwinCAT OS (ARMV8-A)
		{EA744023-1A56-403E-8D3D-86E6EC45C403}.Release|TwinCAT OS (x64).ActiveCfg = Release|TwinCAT OS (x64)
		{EA744023-1A56-403E-8D3D-86E6EC45C403}.Release|TwinCAT OS (x64).Build.0 = Release|TwinCAT OS (x64)
		{EA744023-1A56-403E-8D3D-86E6EC45C403}.Release|TwinCAT OS (x64-E).ActiveCfg = Release|TwinCAT OS (x64-E)
		{EA744023-1A56-403E-8D3D-86E6EC45C403}.Release|TwinCAT OS (x64-E).Build.0 = Release|TwinCAT OS (x64-E)
		{EA744023-1A56-403E-8D3D-86E6EC45C403}.Release|TwinCAT RT (x64).ActiveCfg = Release|TwinCAT RT (x64)
		{EA744023-1A56-403E-8D3D-86E6EC45C403}.Release|TwinCAT RT (x64).Build.0 = Release|TwinCAT RT (x64)
		{EA744023-1A56-403E-8D3D-86E6EC45C403}.Release|TwinCAT RT (x86).ActiveCfg = Release|TwinCAT RT (x86)
		{EA744023-1A56-403E-8D3D-86E6EC45C403}.Release|TwinCAT RT (x86).Build.0 = Release|TwinCAT RT (x86)
		{4836528C-6843-4FF8-A462-4AADF3DD9C46}.Debug|TwinCAT OS (ARMV7-A).ActiveCfg = Debug|TwinCAT OS (ARMV7-A)
		{4836528C-6843-4FF8-A462-4AADF3DD9C46}.Debug|TwinCAT OS (ARMV7-A).Build.0 = Debug|TwinCAT OS (ARMV7-A)
		{4836528C-6843-4FF8-A462-4AADF3DD9C46}.Debug|TwinCAT OS (ARMV7-M).ActiveCfg = Debug|TwinCAT OS (ARMV7-M)
		{4836528C-6843-4FF8-A462-4AADF3DD9C46}.Debug|TwinCAT OS (ARMV7-M).Build.0 = Debug|TwinCAT OS (ARMV7-M)
		{4836528C-6843-4FF8-A462-4AADF3DD9C46}.Debug|TwinCAT OS (ARMV8-A).ActiveCfg = Debug|TwinCAT OS (ARMV8-A)
		{4836528C-6843-4FF8-A462-4AADF3DD9C46}.Debug|TwinCAT OS (ARMV8-A).Build.0 = Debug|TwinCAT OS (ARMV8-A)
		{4836528C-6843-4FF8-A462-4AADF3DD9C46}.Debug|TwinCAT OS (x64).ActiveCfg = Debug|TwinCAT OS (x64)
		{4836528C-6843-4FF8-A462-4AADF3DD9C46}.Debug|TwinCAT OS (x64).Build.0 = Debug|TwinCAT OS (x64)
		{4836528C-6843-4FF8-A462-4AADF3DD9C46}.Debug|TwinCAT OS (x64-E).ActiveCfg = Debug|TwinCAT OS (x64-E)
		{4836528C-6843-4FF8-A462-4AADF3DD9C46}.Debug|TwinCAT OS (x64-E).Build.0 = Debug|TwinCAT OS (x64-E)
		{4836528C-6843-4FF8-A462-4AADF3DD9C46}.Debug|TwinCAT RT (x64).ActiveCfg = Debug|TwinCAT RT (x64)
		{4836528C-6843-4FF8-A462-4AADF3DD9C46}.Debug|TwinCAT RT (x64).Build.0 = Debug|TwinCAT RT (x64)
		{4836528C-6843-4FF8-A462-4AADF3DD9C46}.Debug|TwinCAT RT (x86).ActiveCfg = Debug|TwinCAT RT (x86)
		{4836528C-6843-4FF8-A462-4AADF3DD9C46}.Debug|TwinCAT RT (x86).Build.0 = Debug|TwinCAT RT (x86)
		{4836528C-6843-4FF8-A462-4AADF3DD9C46}.Release|TwinCAT OS (ARMV7-A).ActiveCfg = Release|TwinCAT OS (ARMV7-A)
		{4836528C-6843-4FF8-A462-4AADF3DD9C46}.Release|TwinCAT OS (ARMV7-A).Build.0 = Release|TwinCAT OS (ARMV7-A)
		{4836528C-6843-4FF8-A462-4AADF3DD9C46}.Release|TwinCAT OS (ARMV7-M).ActiveCfg = Release|TwinCAT OS (ARMV7-M)
		{4836528C-6843-4FF8-A462-4AADF3DD9C46}.Release|TwinCAT OS (ARMV7-M).Build.0 = Release|TwinCAT OS (ARMV7-M)
		{4836528C-6843-4FF8-A462-4AADF3DD9C46}.Release|TwinCAT OS (ARMV8-A).ActiveCfg = Release|TwinCAT OS (ARMV8-A)
		{4836528C-6843-4FF8-A462-4AADF3DD9C46}.Release|TwinCAT OS (ARMV8-A).Build.0 = Release|TwinCAT OS (ARMV8-A)
		{4836528C-6843-4FF8-A462-4AADF3DD9C46}.Release|TwinCAT OS (x64).ActiveCfg = Release|TwinCAT OS (x64)
		{4836528C-6843-4FF8-A462-4AADF3DD9C46}.Release|TwinCAT OS (x64).Build.0 = Release|TwinCAT OS (x64)
		{4836528C-6843-4FF8-A462-4AADF3DD9C46}.Release|TwinCAT OS (x64-E).ActiveCfg = Release|TwinCAT OS (x64-E)
		{4836528C-6843-4FF8-A462-4AADF3DD9C46}.Release|TwinCAT OS (x64-E).Build.0 = Release|TwinCAT OS (x64-E)
		{4836528C-6843-4FF8-A462-4AADF3DD9C46}.Release|TwinCAT RT (x64).ActiveCfg = Release|TwinCAT RT (x64)
		{4836528C-6843-4FF8-A462-4AADF3DD9C46}.Release|TwinCAT RT (x64).Build.0 = Release|TwinCAT RT (x64)
		{4836528C-6843-4FF8-A462-4AADF3DD9C46}.Release|TwinCAT RT (x86).ActiveCfg = Release|TwinCAT RT (x86)
		{4836528C-6843-4FF8-A462-4AADF3DD9C46}.Release|TwinCAT RT (x86).Build.0 = Release|TwinCAT RT (x86)
	EndGlobalSection
	GlobalSection(SolutionProperties) = preSolution
		HideSolutionNode = FALSE
	EndGlobalSection
	GlobalSection(ExtensibilityGlobals) = postSolution
		SolutionGuid = {7591D69A-33A0-4A37-BA7B-8BF4ACC226FF}
	EndGlobalSection
EndGlobal
