
Microsoft Visual Studio Solution File, Format Version 12.00
# TcXaeShell Solution File, Format Version 11.00
VisualStudioVersion = 17.10.35827.194
MinimumVisualStudioVersion = 10.0.40219.1
Project("{B1E792BE-AA5F-4E3C-8C82-674BF9C0715B}") = "Test and Set", "Test and Set\Test and Set.tsproj", "{1422B24D-5DA8-4EFB-AB30-81064EB4EE38}"
EndProject
Global
	GlobalSection(SolutionConfigurationPlatforms) = preSolution
		Debug|TwinCAT OS (ARMV7-A) = Debug|TwinCAT OS (ARMV7-A)
		Debug|TwinCAT OS (ARMV7-M) = Debug|TwinCAT OS (ARMV7-M)
		Debug|TwinCAT OS (ARMV8-A) = Debug|TwinCAT OS (ARMV8-A)
		Debug|TwinCAT OS (x64) = Debug|TwinCAT OS (x64)
		Debug|TwinCAT OS (x64-E) = Debug|TwinCAT OS (x64-E)
		Debug|TwinCAT RT (x64) = Debug|TwinCAT RT (x64)
		Debug|TwinCAT RT (x86) = Debug|TwinCAT RT (x86)
		Release|TwinCAT OS (ARMV7-A) = Release|TwinCAT OS (ARMV7-A)
		Release|TwinCAT OS (ARMV7-M) = Release|TwinCAT OS (ARMV7-M)
		Release|TwinCAT OS (ARMV8-A) = Release|TwinCAT OS (ARMV8-A)
		Release|TwinCAT OS (x64) = Release|TwinCAT OS (x64)
		Release|TwinCAT OS (x64-E) = Release|TwinCAT OS (x64-E)
		Release|TwinCAT RT (x64) = Release|TwinCAT RT (x64)
		Release|TwinCAT RT (x86) = Release|TwinCAT RT (x86)
	EndGlobalSection
	GlobalSection(ProjectConfigurationPlatforms) = postSolution
		{1422B24D-5DA8-4EFB-AB30-81064EB4EE38}.Debug|TwinCAT OS (ARMV7-A).ActiveCfg = Debug|TwinCAT OS (ARMV7-A)
		{1422B24D-5DA8-4EFB-AB30-81064EB4EE38}.Debug|TwinCAT OS (ARMV7-A).Build.0 = Debug|TwinCAT OS (ARMV7-A)
		{1422B24D-5DA8-4EFB-AB30-81064EB4EE38}.Debug|TwinCAT OS (ARMV7-M).ActiveCfg = Debug|TwinCAT OS (ARMV7-M)
		{1422B24D-5DA8-4EFB-AB30-81064EB4EE38}.Debug|TwinCAT OS (ARMV7-M).Build.0 = Debug|TwinCAT OS (ARMV7-M)
		{1422B24D-5DA8-4EFB-AB30-81064EB4EE38}.Debug|TwinCAT OS (ARMV8-A).ActiveCfg = Debug|TwinCAT OS (ARMV8-A)
		{1422B24D-5DA8-4EFB-AB30-81064EB4EE38}.Debug|TwinCAT OS (ARMV8-A).Build.0 = Debug|TwinCAT OS (ARMV8-A)
		{1422B24D-5DA8-4EFB-AB30-81064EB4EE38}.Debug|TwinCAT OS (x64).ActiveCfg = Debug|TwinCAT OS (x64)
		{1422B24D-5DA8-4EFB-AB30-81064EB4EE38}.Debug|TwinCAT OS (x64).Build.0 = Debug|TwinCAT OS (x64)
		{1422B24D-5DA8-4EFB-AB30-81064EB4EE38}.Debug|TwinCAT OS (x64-E).ActiveCfg = Debug|TwinCAT OS (x64-E)
		{1422B24D-5DA8-4EFB-AB30-81064EB4EE38}.Debug|TwinCAT OS (x64-E).Build.0 = Debug|TwinCAT OS (x64-E)
		{1422B24D-5DA8-4EFB-AB30-81064EB4EE38}.Debug|TwinCAT RT (x64).ActiveCfg = Debug|TwinCAT RT (x64)
		{1422B24D-5DA8-4EFB-AB30-81064EB4EE38}.Debug|TwinCAT RT (x64).Build.0 = Debug|TwinCAT RT (x64)
		{1422B24D-5DA8-4EFB-AB30-81064EB4EE38}.Debug|TwinCAT RT (x86).ActiveCfg = Debug|TwinCAT RT (x86)
		{1422B24D-5DA8-4EFB-AB30-81064EB4EE38}.Debug|TwinCAT RT (x86).Build.0 = Debug|TwinCAT RT (x86)
		{1422B24D-5DA8-4EFB-AB30-81064EB4EE38}.Release|TwinCAT OS (ARMV7-A).ActiveCfg = Release|TwinCAT OS (ARMV7-A)
		{1422B24D-5DA8-4EFB-AB30-81064EB4EE38}.Release|TwinCAT OS (ARMV7-A).Build.0 = Release|TwinCAT OS (ARMV7-A)
		{1422B24D-5DA8-4EFB-AB30-81064EB4EE38}.Release|TwinCAT OS (ARMV7-M).ActiveCfg = Release|TwinCAT OS (ARMV7-M)
		{1422B24D-5DA8-4EFB-AB30-81064EB4EE38}.Release|TwinCAT OS (ARMV7-M).Build.0 = Release|TwinCAT OS (ARMV7-M)
		{1422B24D-5DA8-4EFB-AB30-81064EB4EE38}.Release|TwinCAT OS (ARMV8-A).ActiveCfg = Release|TwinCAT OS (ARMV8-A)
		{1422B24D-5DA8-4EFB-AB30-81064EB4EE38}.Release|TwinCAT OS (ARMV8-A).Build.0 = Release|TwinCAT OS (ARMV8-A)
		{1422B24D-5DA8-4EFB-AB30-81064EB4EE38}.Release|TwinCAT OS (x64).ActiveCfg = Release|TwinCAT OS (x64)
		{1422B24D-5DA8-4EFB-AB30-81064EB4EE38}.Release|TwinCAT OS (x64).Build.0 = Release|TwinCAT OS (x64)
		{1422B24D-5DA8-4EFB-AB30-81064EB4EE38}.Release|TwinCAT OS (x64-E).ActiveCfg = Release|TwinCAT OS (x64-E)
		{1422B24D-5DA8-4EFB-AB30-81064EB4EE38}.Release|TwinCAT OS (x64-E).Build.0 = Release|TwinCAT OS (x64-E)
		{1422B24D-5DA8-4EFB-AB30-81064EB4EE38}.Release|TwinCAT RT (x64).ActiveCfg = Release|TwinCAT RT (x64)
		{1422B24D-5DA8-4EFB-AB30-81064EB4EE38}.Release|TwinCAT RT (x64).Build.0 = Release|TwinCAT RT (x64)
		{1422B24D-5DA8-4EFB-AB30-81064EB4EE38}.Release|TwinCAT RT (x86).ActiveCfg = Release|TwinCAT RT (x86)
		{1422B24D-5DA8-4EFB-AB30-81064EB4EE38}.Release|TwinCAT RT (x86).Build.0 = Release|TwinCAT RT (x86)
		{7E47BF68-3FC3-4B97-9F85-936BD079E942}.Debug|TwinCAT OS (ARMV7-A).ActiveCfg = Debug|TwinCAT OS (ARMV7-A)
		{7E47BF68-3FC3-4B97-9F85-936BD079E942}.Debug|TwinCAT OS (ARMV7-A).Build.0 = Debug|TwinCAT OS (ARMV7-A)
		{7E47BF68-3FC3-4B97-9F85-936BD079E942}.Debug|TwinCAT OS (ARMV7-M).ActiveCfg = Debug|TwinCAT OS (ARMV7-M)
		{7E47BF68-3FC3-4B97-9F85-936BD079E942}.Debug|TwinCAT OS (ARMV7-M).Build.0 = Debug|TwinCAT OS (ARMV7-M)
		{7E47BF68-3FC3-4B97-9F85-936BD079E942}.Debug|TwinCAT OS (ARMV8-A).ActiveCfg = Debug|TwinCAT OS (ARMV8-A)
		{7E47BF68-3FC3-4B97-9F85-936BD079E942}.Debug|TwinCAT OS (ARMV8-A).Build.0 = Debug|TwinCAT OS (ARMV8-A)
		{7E47BF68-3FC3-4B97-9F85-936BD079E942}.Debug|TwinCAT OS (x64).ActiveCfg = Debug|TwinCAT OS (x64)
		{7E47BF68-3FC3-4B97-9F85-936BD079E942}.Debug|TwinCAT OS (x64).Build.0 = Debug|TwinCAT OS (x64)
		{7E47BF68-3FC3-4B97-9F85-936BD079E942}.Debug|TwinCAT OS (x64-E).ActiveCfg = Debug|TwinCAT OS (x64-E)
		{7E47BF68-3FC3-4B97-9F85-936BD079E942}.Debug|TwinCAT OS (x64-E).Build.0 = Debug|TwinCAT OS (x64-E)
		{7E47BF68-3FC3-4B97-9F85-936BD079E942}.Debug|TwinCAT RT (x64).ActiveCfg = Debug|TwinCAT RT (x64)
		{7E47BF68-3FC3-4B97-9F85-936BD079E942}.Debug|TwinCAT RT (x64).Build.0 = Debug|TwinCAT RT (x64)
		{7E47BF68-3FC3-4B97-9F85-936BD079E942}.Debug|TwinCAT RT (x86).ActiveCfg = Debug|TwinCAT RT (x86)
		{7E47BF68-3FC3-4B97-9F85-936BD079E942}.Debug|TwinCAT RT (x86).Build.0 = Debug|TwinCAT RT (x86)
		{7E47BF68-3FC3-4B97-9F85-936BD079E942}.Release|TwinCAT OS (ARMV7-A).ActiveCfg = Release|TwinCAT OS (ARMV7-A)
		{7E47BF68-3FC3-4B97-9F85-936BD079E942}.Release|TwinCAT OS (ARMV7-A).Build.0 = Release|TwinCAT OS (ARMV7-A)
		{7E47BF68-3FC3-4B97-9F85-936BD079E942}.Release|TwinCAT OS (ARMV7-M).ActiveCfg = Release|TwinCAT OS (ARMV7-M)
		{7E47BF68-3FC3-4B97-9F85-936BD079E942}.Release|TwinCAT OS (ARMV7-M).Build.0 = Release|TwinCAT OS (ARMV7-M)
		{7E47BF68-3FC3-4B97-9F85-936BD079E942}.Release|TwinCAT OS (ARMV8-A).ActiveCfg = Release|TwinCAT OS (ARMV8-A)
		{7E47BF68-3FC3-4B97-9F85-936BD079E942}.Release|TwinCAT OS (ARMV8-A).Build.0 = Release|TwinCAT OS (ARMV8-A)
		{7E47BF68-3FC3-4B97-9F85-936BD079E942}.Release|TwinCAT OS (x64).ActiveCfg = Release|TwinCAT OS (x64)
		{7E47BF68-3FC3-4B97-9F85-936BD079E942}.Release|TwinCAT OS (x64).Build.0 = Release|TwinCAT OS (x64)
		{7E47BF68-3FC3-4B97-9F85-936BD079E942}.Release|TwinCAT OS (x64-E).ActiveCfg = Release|TwinCAT OS (x64-E)
		{7E47BF68-3FC3-4B97-9F85-936BD079E942}.Release|TwinCAT OS (x64-E).Build.0 = Release|TwinCAT OS (x64-E)
		{7E47BF68-3FC3-4B97-9F85-936BD079E942}.Release|TwinCAT RT (x64).ActiveCfg = Release|TwinCAT RT (x64)
		{7E47BF68-3FC3-4B97-9F85-936BD079E942}.Release|TwinCAT RT (x64).Build.0 = Release|TwinCAT RT (x64)
		{7E47BF68-3FC3-4B97-9F85-936BD079E942}.Release|TwinCAT RT (x86).ActiveCfg = Release|TwinCAT RT (x86)
		{7E47BF68-3FC3-4B97-9F85-936BD079E942}.Release|TwinCAT RT (x86).Build.0 = Release|TwinCAT RT (x86)
	EndGlobalSection
	GlobalSection(SolutionProperties) = preSolution
		HideSolutionNode = FALSE
	EndGlobalSection
	GlobalSection(ExtensibilityGlobals) = postSolution
		SolutionGuid = {2DBE15EE-A697-4C69-8DBC-78392FB51EC1}
	EndGlobalSection
EndGlobal
