
Microsoft Visual Studio Solution File, Format Version 12.00
# TcXaeShell Solution File, Format Version 11.00
VisualStudioVersion = 17.10.35827.194
MinimumVisualStudioVersion = 10.0.40219.1
Project("{B1E792BE-AA5F-4E3C-8C82-674BF9C0715B}") = "2 task online view", "2 task online view.tsproj", "{2D4036BE-2B72-4060-964B-94A897873B21}"
EndProject
Global
	GlobalSection(SolutionConfigurationPlatforms) = preSolution
		Debug|TwinCAT OS (ARMV7-A) = Debug|TwinCAT OS (ARMV7-A)
		Debug|TwinCAT OS (ARMV7-M) = Debug|TwinCAT OS (ARMV7-M)
		Debug|TwinCAT OS (ARMV8-A) = Debug|TwinCAT OS (ARMV8-A)
		Debug|TwinCAT OS (x64) = Debug|TwinCAT OS (x64)
		Debug|TwinCAT OS (x64-E) = Debug|TwinCAT OS (x64-E)
		Debug|TwinCAT RT (x64) = Debug|TwinCAT RT (x64)
		Debug|TwinCAT RT (x86) = Debug|TwinCAT RT (x86)
		Release|TwinCAT OS (ARMV7-A) = Release|TwinCAT OS (ARMV7-A)
		Release|TwinCAT OS (ARMV7-M) = Release|TwinCAT OS (ARMV7-M)
		Release|TwinCAT OS (ARMV8-A) = Release|TwinCAT OS (ARMV8-A)
		Release|TwinCAT OS (x64) = Release|TwinCAT OS (x64)
		Release|TwinCAT OS (x64-E) = Release|TwinCAT OS (x64-E)
		Release|TwinCAT RT (x64) = Release|TwinCAT RT (x64)
		Release|TwinCAT RT (x86) = Release|TwinCAT RT (x86)
	EndGlobalSection
	GlobalSection(ProjectConfigurationPlatforms) = postSolution
		{2D4036BE-2B72-4060-964B-94A897873B21}.Debug|TwinCAT OS (ARMV7-A).ActiveCfg = Debug|TwinCAT OS (ARMV7-A)
		{2D4036BE-2B72-4060-964B-94A897873B21}.Debug|TwinCAT OS (ARMV7-A).Build.0 = Debug|TwinCAT OS (ARMV7-A)
		{2D4036BE-2B72-4060-964B-94A897873B21}.Debug|TwinCAT OS (ARMV7-M).ActiveCfg = Debug|TwinCAT OS (ARMV7-M)
		{2D4036BE-2B72-4060-964B-94A897873B21}.Debug|TwinCAT OS (ARMV7-M).Build.0 = Debug|TwinCAT OS (ARMV7-M)
		{2D4036BE-2B72-4060-964B-94A897873B21}.Debug|TwinCAT OS (ARMV8-A).ActiveCfg = Debug|TwinCAT OS (ARMV8-A)
		{2D4036BE-2B72-4060-964B-94A897873B21}.Debug|TwinCAT OS (ARMV8-A).Build.0 = Debug|TwinCAT OS (ARMV8-A)
		{2D4036BE-2B72-4060-964B-94A897873B21}.Debug|TwinCAT OS (x64).ActiveCfg = Debug|TwinCAT OS (x64)
		{2D4036BE-2B72-4060-964B-94A897873B21}.Debug|TwinCAT OS (x64).Build.0 = Debug|TwinCAT OS (x64)
		{2D4036BE-2B72-4060-964B-94A897873B21}.Debug|TwinCAT OS (x64-E).ActiveCfg = Debug|TwinCAT OS (x64-E)
		{2D4036BE-2B72-4060-964B-94A897873B21}.Debug|TwinCAT OS (x64-E).Build.0 = Debug|TwinCAT OS (x64-E)
		{2D4036BE-2B72-4060-964B-94A897873B21}.Debug|TwinCAT RT (x64).ActiveCfg = Debug|TwinCAT RT (x64)
		{2D4036BE-2B72-4060-964B-94A897873B21}.Debug|TwinCAT RT (x64).Build.0 = Debug|TwinCAT RT (x64)
		{2D4036BE-2B72-4060-964B-94A897873B21}.Debug|TwinCAT RT (x86).ActiveCfg = Debug|TwinCAT RT (x86)
		{2D4036BE-2B72-4060-964B-94A897873B21}.Debug|TwinCAT RT (x86).Build.0 = Debug|TwinCAT RT (x86)
		{2D4036BE-2B72-4060-964B-94A897873B21}.Release|TwinCAT OS (ARMV7-A).ActiveCfg = Release|TwinCAT OS (ARMV7-A)
		{2D4036BE-2B72-4060-964B-94A897873B21}.Release|TwinCAT OS (ARMV7-A).Build.0 = Release|TwinCAT OS (ARMV7-A)
		{2D4036BE-2B72-4060-964B-94A897873B21}.Release|TwinCAT OS (ARMV7-M).ActiveCfg = Release|TwinCAT OS (ARMV7-M)
		{2D4036BE-2B72-4060-964B-94A897873B21}.Release|TwinCAT OS (ARMV7-M).Build.0 = Release|TwinCAT OS (ARMV7-M)
		{2D4036BE-2B72-4060-964B-94A897873B21}.Release|TwinCAT OS (ARMV8-A).ActiveCfg = Release|TwinCAT OS (ARMV8-A)
		{2D4036BE-2B72-4060-964B-94A897873B21}.Release|TwinCAT OS (ARMV8-A).Build.0 = Release|TwinCAT OS (ARMV8-A)
		{2D4036BE-2B72-4060-964B-94A897873B21}.Release|TwinCAT OS (x64).ActiveCfg = Release|TwinCAT OS (x64)
		{2D4036BE-2B72-4060-964B-94A897873B21}.Release|TwinCAT OS (x64).Build.0 = Release|TwinCAT OS (x64)
		{2D4036BE-2B72-4060-964B-94A897873B21}.Release|TwinCAT OS (x64-E).ActiveCfg = Release|TwinCAT OS (x64-E)
		{2D4036BE-2B72-4060-964B-94A897873B21}.Release|TwinCAT OS (x64-E).Build.0 = Release|TwinCAT OS (x64-E)
		{2D4036BE-2B72-4060-964B-94A897873B21}.Release|TwinCAT RT (x64).ActiveCfg = Release|TwinCAT RT (x64)
		{2D4036BE-2B72-4060-964B-94A897873B21}.Release|TwinCAT RT (x64).Build.0 = Release|TwinCAT RT (x64)
		{2D4036BE-2B72-4060-964B-94A897873B21}.Release|TwinCAT RT (x86).ActiveCfg = Release|TwinCAT RT (x86)
		{2D4036BE-2B72-4060-964B-94A897873B21}.Release|TwinCAT RT (x86).Build.0 = Release|TwinCAT RT (x86)
		{0B3DB8DA-5674-47FC-8F1A-D381870A04B6}.Debug|TwinCAT OS (ARMV7-A).ActiveCfg = Debug|TwinCAT OS (ARMV7-A)
		{0B3DB8DA-5674-47FC-8F1A-D381870A04B6}.Debug|TwinCAT OS (ARMV7-A).Build.0 = Debug|TwinCAT OS (ARMV7-A)
		{0B3DB8DA-5674-47FC-8F1A-D381870A04B6}.Debug|TwinCAT OS (ARMV7-M).ActiveCfg = Debug|TwinCAT OS (ARMV7-M)
		{0B3DB8DA-5674-47FC-8F1A-D381870A04B6}.Debug|TwinCAT OS (ARMV7-M).Build.0 = Debug|TwinCAT OS (ARMV7-M)
		{0B3DB8DA-5674-47FC-8F1A-D381870A04B6}.Debug|TwinCAT OS (ARMV8-A).ActiveCfg = Debug|TwinCAT OS (ARMV8-A)
		{0B3DB8DA-5674-47FC-8F1A-D381870A04B6}.Debug|TwinCAT OS (ARMV8-A).Build.0 = Debug|TwinCAT OS (ARMV8-A)
		{0B3DB8DA-5674-47FC-8F1A-D381870A04B6}.Debug|TwinCAT OS (x64).ActiveCfg = Debug|TwinCAT OS (x64)
		{0B3DB8DA-5674-47FC-8F1A-D381870A04B6}.Debug|TwinCAT OS (x64).Build.0 = Debug|TwinCAT OS (x64)
		{0B3DB8DA-5674-47FC-8F1A-D381870A04B6}.Debug|TwinCAT OS (x64-E).ActiveCfg = Debug|TwinCAT OS (x64-E)
		{0B3DB8DA-5674-47FC-8F1A-D381870A04B6}.Debug|TwinCAT OS (x64-E).Build.0 = Debug|TwinCAT OS (x64-E)
		{0B3DB8DA-5674-47FC-8F1A-D381870A04B6}.Debug|TwinCAT RT (x64).ActiveCfg = Debug|TwinCAT RT (x64)
		{0B3DB8DA-5674-47FC-8F1A-D381870A04B6}.Debug|TwinCAT RT (x64).Build.0 = Debug|TwinCAT RT (x64)
		{0B3DB8DA-5674-47FC-8F1A-D381870A04B6}.Debug|TwinCAT RT (x86).ActiveCfg = Debug|TwinCAT RT (x86)
		{0B3DB8DA-5674-47FC-8F1A-D381870A04B6}.Debug|TwinCAT RT (x86).Build.0 = Debug|TwinCAT RT (x86)
		{0B3DB8DA-5674-47FC-8F1A-D381870A04B6}.Release|TwinCAT OS (ARMV7-A).ActiveCfg = Release|TwinCAT OS (ARMV7-A)
		{0B3DB8DA-5674-47FC-8F1A-D381870A04B6}.Release|TwinCAT OS (ARMV7-A).Build.0 = Release|TwinCAT OS (ARMV7-A)
		{0B3DB8DA-5674-47FC-8F1A-D381870A04B6}.Release|TwinCAT OS (ARMV7-M).ActiveCfg = Release|TwinCAT OS (ARMV7-M)
		{0B3DB8DA-5674-47FC-8F1A-D381870A04B6}.Release|TwinCAT OS (ARMV7-M).Build.0 = Release|TwinCAT OS (ARMV7-M)
		{0B3DB8DA-5674-47FC-8F1A-D381870A04B6}.Release|TwinCAT OS (ARMV8-A).ActiveCfg = Release|TwinCAT OS (ARMV8-A)
		{0B3DB8DA-5674-47FC-8F1A-D381870A04B6}.Release|TwinCAT OS (ARMV8-A).Build.0 = Release|TwinCAT OS (ARMV8-A)
		{0B3DB8DA-5674-47FC-8F1A-D381870A04B6}.Release|TwinCAT OS (x64).ActiveCfg = Release|TwinCAT OS (x64)
		{0B3DB8DA-5674-47FC-8F1A-D381870A04B6}.Release|TwinCAT OS (x64).Build.0 = Release|TwinCAT OS (x64)
		{0B3DB8DA-5674-47FC-8F1A-D381870A04B6}.Release|TwinCAT OS (x64-E).ActiveCfg = Release|TwinCAT OS (x64-E)
		{0B3DB8DA-5674-47FC-8F1A-D381870A04B6}.Release|TwinCAT OS (x64-E).Build.0 = Release|TwinCAT OS (x64-E)
		{0B3DB8DA-5674-47FC-8F1A-D381870A04B6}.Release|TwinCAT RT (x64).ActiveCfg = Release|TwinCAT RT (x64)
		{0B3DB8DA-5674-47FC-8F1A-D381870A04B6}.Release|TwinCAT RT (x64).Build.0 = Release|TwinCAT RT (x64)
		{0B3DB8DA-5674-47FC-8F1A-D381870A04B6}.Release|TwinCAT RT (x86).ActiveCfg = Release|TwinCAT RT (x86)
		{0B3DB8DA-5674-47FC-8F1A-D381870A04B6}.Release|TwinCAT RT (x86).Build.0 = Release|TwinCAT RT (x86)
	EndGlobalSection
	GlobalSection(SolutionProperties) = preSolution
		HideSolutionNode = FALSE
	EndGlobalSection
	GlobalSection(ExtensibilityGlobals) = postSolution
		SolutionGuid = {67F01867-3B51-473F-8193-8B89056FF238}
	EndGlobalSection
EndGlobal
