
Microsoft Visual Studio Solution File, Format Version 12.00
# Visual Studio Version 17
VisualStudioVersion = 17.10.35827.194
MinimumVisualStudioVersion = 10.0.40219.1
Project("{B1E792BE-AA5F-4E3C-8C82-674BF9C0715B}") = "Process image modules", "Process image modules.tsproj", "{923CBD7A-F62E-4927-86D0-D5ED0CE42649}"
EndProject
Project("{FD9F1D59-E000-42F3-8744-88DE1BE93C06}") = "Empty Measurement Project1", "..\Empty Measurement Project1\Empty Measurement Project1.tcmproj", "{EEC4B230-3DB2-4D78-9253-49B0C44D4E07}"
EndProject
Global
	GlobalSection(SolutionConfigurationPlatforms) = preSolution
		Debug|TwinCAT CE7 (ARMV7) = Debug|TwinCAT CE7 (ARMV7)
		Debug|TwinCAT OS (ARMT2) = Debug|TwinCAT OS (ARMT2)
		Debug|TwinCAT OS (ARMV7-A) = Debug|TwinCAT OS (ARMV7-A)
		Debug|TwinCAT OS (ARMV7-M) = Debug|TwinCAT OS (ARMV7-M)
		Debug|TwinCAT OS (ARMV8-A) = Debug|TwinCAT OS (ARMV8-A)
		Debug|TwinCAT OS (x64) = Debug|TwinCAT OS (x64)
		Debug|TwinCAT OS (x64-E) = Debug|TwinCAT OS (x64-E)
		Debug|TwinCAT RT (x64) = Debug|TwinCAT RT (x64)
		Debug|TwinCAT RT (x86) = Debug|TwinCAT RT (x86)
		Release|TwinCAT CE7 (ARMV7) = Release|TwinCAT CE7 (ARMV7)
		Release|TwinCAT OS (ARMT2) = Release|TwinCAT OS (ARMT2)
		Release|TwinCAT OS (ARMV7-A) = Release|TwinCAT OS (ARMV7-A)
		Release|TwinCAT OS (ARMV7-M) = Release|TwinCAT OS (ARMV7-M)
		Release|TwinCAT OS (ARMV8-A) = Release|TwinCAT OS (ARMV8-A)
		Release|TwinCAT OS (x64) = Release|TwinCAT OS (x64)
		Release|TwinCAT OS (x64-E) = Release|TwinCAT OS (x64-E)
		Release|TwinCAT RT (x64) = Release|TwinCAT RT (x64)
		Release|TwinCAT RT (x86) = Release|TwinCAT RT (x86)
	EndGlobalSection
	GlobalSection(ProjectConfigurationPlatforms) = postSolution
		{923CBD7A-F62E-4927-86D0-D5ED0CE42649}.Debug|TwinCAT CE7 (ARMV7).ActiveCfg = Debug|TwinCAT RT (x86)
		{923CBD7A-F62E-4927-86D0-D5ED0CE42649}.Debug|TwinCAT CE7 (ARMV7).Build.0 = Debug|TwinCAT RT (x86)
		{923CBD7A-F62E-4927-86D0-D5ED0CE42649}.Debug|TwinCAT OS (ARMT2).ActiveCfg = Debug|TwinCAT RT (x86)
		{923CBD7A-F62E-4927-86D0-D5ED0CE42649}.Debug|TwinCAT OS (ARMT2).Build.0 = Debug|TwinCAT RT (x86)
		{923CBD7A-F62E-4927-86D0-D5ED0CE42649}.Debug|TwinCAT OS (ARMV7-A).ActiveCfg = Debug|TwinCAT OS (ARMV7-A)
		{923CBD7A-F62E-4927-86D0-D5ED0CE42649}.Debug|TwinCAT OS (ARMV7-A).Build.0 = Debug|TwinCAT OS (ARMV7-A)
		{923CBD7A-F62E-4927-86D0-D5ED0CE42649}.Debug|TwinCAT OS (ARMV7-M).ActiveCfg = Debug|TwinCAT OS (ARMV7-M)
		{923CBD7A-F62E-4927-86D0-D5ED0CE42649}.Debug|TwinCAT OS (ARMV7-M).Build.0 = Debug|TwinCAT OS (ARMV7-M)
		{923CBD7A-F62E-4927-86D0-D5ED0CE42649}.Debug|TwinCAT OS (ARMV8-A).ActiveCfg = Debug|TwinCAT OS (ARMV8-A)
		{923CBD7A-F62E-4927-86D0-D5ED0CE42649}.Debug|TwinCAT OS (ARMV8-A).Build.0 = Debug|TwinCAT OS (ARMV8-A)
		{923CBD7A-F62E-4927-86D0-D5ED0CE42649}.Debug|TwinCAT OS (x64).ActiveCfg = Debug|TwinCAT OS (x64)
		{923CBD7A-F62E-4927-86D0-D5ED0CE42649}.Debug|TwinCAT OS (x64).Build.0 = Debug|TwinCAT OS (x64)
		{923CBD7A-F62E-4927-86D0-D5ED0CE42649}.Debug|TwinCAT OS (x64-E).ActiveCfg = Debug|TwinCAT OS (x64-E)
		{923CBD7A-F62E-4927-86D0-D5ED0CE42649}.Debug|TwinCAT OS (x64-E).Build.0 = Debug|TwinCAT OS (x64-E)
		{923CBD7A-F62E-4927-86D0-D5ED0CE42649}.Debug|TwinCAT RT (x64).ActiveCfg = Debug|TwinCAT RT (x64)
		{923CBD7A-F62E-4927-86D0-D5ED0CE42649}.Debug|TwinCAT RT (x64).Build.0 = Debug|TwinCAT RT (x64)
		{923CBD7A-F62E-4927-86D0-D5ED0CE42649}.Debug|TwinCAT RT (x86).ActiveCfg = Debug|TwinCAT RT (x86)
		{923CBD7A-F62E-4927-86D0-D5ED0CE42649}.Debug|TwinCAT RT (x86).Build.0 = Debug|TwinCAT RT (x86)
		{923CBD7A-F62E-4927-86D0-D5ED0CE42649}.Release|TwinCAT CE7 (ARMV7).ActiveCfg = Release|TwinCAT RT (x86)
		{923CBD7A-F62E-4927-86D0-D5ED0CE42649}.Release|TwinCAT CE7 (ARMV7).Build.0 = Release|TwinCAT RT (x86)
		{923CBD7A-F62E-4927-86D0-D5ED0CE42649}.Release|TwinCAT OS (ARMT2).ActiveCfg = Release|TwinCAT RT (x86)
		{923CBD7A-F62E-4927-86D0-D5ED0CE42649}.Release|TwinCAT OS (ARMT2).Build.0 = Release|TwinCAT RT (x86)
		{923CBD7A-F62E-4927-86D0-D5ED0CE42649}.Release|TwinCAT OS (ARMV7-A).ActiveCfg = Release|TwinCAT OS (ARMV7-A)
		{923CBD7A-F62E-4927-86D0-D5ED0CE42649}.Release|TwinCAT OS (ARMV7-A).Build.0 = Release|TwinCAT OS (ARMV7-A)
		{923CBD7A-F62E-4927-86D0-D5ED0CE42649}.Release|TwinCAT OS (ARMV7-M).ActiveCfg = Release|TwinCAT OS (ARMV7-M)
		{923CBD7A-F62E-4927-86D0-D5ED0CE42649}.Release|TwinCAT OS (ARMV7-M).Build.0 = Release|TwinCAT OS (ARMV7-M)
		{923CBD7A-F62E-4927-86D0-D5ED0CE42649}.Release|TwinCAT OS (ARMV8-A).ActiveCfg = Release|TwinCAT OS (ARMV8-A)
		{923CBD7A-F62E-4927-86D0-D5ED0CE42649}.Release|TwinCAT OS (ARMV8-A).Build.0 = Release|TwinCAT OS (ARMV8-A)
		{923CBD7A-F62E-4927-86D0-D5ED0CE42649}.Release|TwinCAT OS (x64).ActiveCfg = Release|TwinCAT OS (x64)
		{923CBD7A-F62E-4927-86D0-D5ED0CE42649}.Release|TwinCAT OS (x64).Build.0 = Release|TwinCAT OS (x64)
		{923CBD7A-F62E-4927-86D0-D5ED0CE42649}.Release|TwinCAT OS (x64-E).ActiveCfg = Release|TwinCAT OS (x64-E)
		{923CBD7A-F62E-4927-86D0-D5ED0CE42649}.Release|TwinCAT OS (x64-E).Build.0 = Release|TwinCAT OS (x64-E)
		{923CBD7A-F62E-4927-86D0-D5ED0CE42649}.Release|TwinCAT RT (x64).ActiveCfg = Release|TwinCAT RT (x64)
		{923CBD7A-F62E-4927-86D0-D5ED0CE42649}.Release|TwinCAT RT (x64).Build.0 = Release|TwinCAT RT (x64)
		{923CBD7A-F62E-4927-86D0-D5ED0CE42649}.Release|TwinCAT RT (x86).ActiveCfg = Release|TwinCAT RT (x86)
		{923CBD7A-F62E-4927-86D0-D5ED0CE42649}.Release|TwinCAT RT (x86).Build.0 = Release|TwinCAT RT (x86)
		{EEC4B230-3DB2-4D78-9253-49B0C44D4E07}.Debug|TwinCAT CE7 (ARMV7).ActiveCfg = Debug|TwinCAT CE7 (ARMV7)
		{EEC4B230-3DB2-4D78-9253-49B0C44D4E07}.Debug|TwinCAT OS (ARMT2).ActiveCfg = Debug|TwinCAT OS (ARMT2)
		{EEC4B230-3DB2-4D78-9253-49B0C44D4E07}.Debug|TwinCAT OS (ARMV7-A).ActiveCfg = Debug|TwinCAT RT (x86)
		{EEC4B230-3DB2-4D78-9253-49B0C44D4E07}.Debug|TwinCAT OS (ARMV7-M).ActiveCfg = Debug|TwinCAT RT (x86)
		{EEC4B230-3DB2-4D78-9253-49B0C44D4E07}.Debug|TwinCAT OS (ARMV8-A).ActiveCfg = Debug|TwinCAT RT (x86)
		{EEC4B230-3DB2-4D78-9253-49B0C44D4E07}.Debug|TwinCAT OS (x64).ActiveCfg = Debug|TwinCAT OS (x64)
		{EEC4B230-3DB2-4D78-9253-49B0C44D4E07}.Debug|TwinCAT OS (x64-E).ActiveCfg = Debug|TwinCAT RT (x86)
		{EEC4B230-3DB2-4D78-9253-49B0C44D4E07}.Debug|TwinCAT RT (x64).ActiveCfg = Debug|TwinCAT RT (x64)
		{EEC4B230-3DB2-4D78-9253-49B0C44D4E07}.Debug|TwinCAT RT (x86).ActiveCfg = Debug|TwinCAT RT (x86)
		{EEC4B230-3DB2-4D78-9253-49B0C44D4E07}.Release|TwinCAT CE7 (ARMV7).ActiveCfg = Release|TwinCAT CE7 (ARMV7)
		{EEC4B230-3DB2-4D78-9253-49B0C44D4E07}.Release|TwinCAT OS (ARMT2).ActiveCfg = Release|TwinCAT OS (ARMT2)
		{EEC4B230-3DB2-4D78-9253-49B0C44D4E07}.Release|TwinCAT OS (ARMV7-A).ActiveCfg = Release|TwinCAT RT (x86)
		{EEC4B230-3DB2-4D78-9253-49B0C44D4E07}.Release|TwinCAT OS (ARMV7-M).ActiveCfg = Release|TwinCAT RT (x86)
		{EEC4B230-3DB2-4D78-9253-49B0C44D4E07}.Release|TwinCAT OS (ARMV8-A).ActiveCfg = Release|TwinCAT RT (x86)
		{EEC4B230-3DB2-4D78-9253-49B0C44D4E07}.Release|TwinCAT OS (x64).ActiveCfg = Release|TwinCAT OS (x64)
		{EEC4B230-3DB2-4D78-9253-49B0C44D4E07}.Release|TwinCAT OS (x64-E).ActiveCfg = Release|TwinCAT RT (x86)
		{EEC4B230-3DB2-4D78-9253-49B0C44D4E07}.Release|TwinCAT RT (x64).ActiveCfg = Release|TwinCAT RT (x64)
		{EEC4B230-3DB2-4D78-9253-49B0C44D4E07}.Release|TwinCAT RT (x86).ActiveCfg = Release|TwinCAT RT (x86)
		{AB056B84-13CA-434D-B78D-E289D501FFD7}.Debug|TwinCAT CE7 (ARMV7).ActiveCfg = Debug|TwinCAT RT (x86)
		{AB056B84-13CA-434D-B78D-E289D501FFD7}.Debug|TwinCAT CE7 (ARMV7).Build.0 = Debug|TwinCAT RT (x86)
		{AB056B84-13CA-434D-B78D-E289D501FFD7}.Debug|TwinCAT OS (ARMT2).ActiveCfg = Debug|TwinCAT RT (x86)
		{AB056B84-13CA-434D-B78D-E289D501FFD7}.Debug|TwinCAT OS (ARMT2).Build.0 = Debug|TwinCAT RT (x86)
		{AB056B84-13CA-434D-B78D-E289D501FFD7}.Debug|TwinCAT OS (ARMV7-A).ActiveCfg = Debug|TwinCAT OS (ARMV7-A)
		{AB056B84-13CA-434D-B78D-E289D501FFD7}.Debug|TwinCAT OS (ARMV7-A).Build.0 = Debug|TwinCAT OS (ARMV7-A)
		{AB056B84-13CA-434D-B78D-E289D501FFD7}.Debug|TwinCAT OS (ARMV7-M).ActiveCfg = Debug|TwinCAT OS (ARMV7-M)
		{AB056B84-13CA-434D-B78D-E289D501FFD7}.Debug|TwinCAT OS (ARMV7-M).Build.0 = Debug|TwinCAT OS (ARMV7-M)
		{AB056B84-13CA-434D-B78D-E289D501FFD7}.Debug|TwinCAT OS (ARMV8-A).ActiveCfg = Debug|TwinCAT OS (ARMV8-A)
		{AB056B84-13CA-434D-B78D-E289D501FFD7}.Debug|TwinCAT OS (ARMV8-A).Build.0 = Debug|TwinCAT OS (ARMV8-A)
		{AB056B84-13CA-434D-B78D-E289D501FFD7}.Debug|TwinCAT OS (x64).ActiveCfg = Debug|TwinCAT OS (x64)
		{AB056B84-13CA-434D-B78D-E289D501FFD7}.Debug|TwinCAT OS (x64).Build.0 = Debug|TwinCAT OS (x64)
		{AB056B84-13CA-434D-B78D-E289D501FFD7}.Debug|TwinCAT OS (x64-E).ActiveCfg = Debug|TwinCAT OS (x64-E)
		{AB056B84-13CA-434D-B78D-E289D501FFD7}.Debug|TwinCAT OS (x64-E).Build.0 = Debug|TwinCAT OS (x64-E)
		{AB056B84-13CA-434D-B78D-E289D501FFD7}.Debug|TwinCAT RT (x64).ActiveCfg = Debug|TwinCAT RT (x64)
		{AB056B84-13CA-434D-B78D-E289D501FFD7}.Debug|TwinCAT RT (x64).Build.0 = Debug|TwinCAT RT (x64)
		{AB056B84-13CA-434D-B78D-E289D501FFD7}.Debug|TwinCAT RT (x86).ActiveCfg = Debug|TwinCAT RT (x86)
		{AB056B84-13CA-434D-B78D-E289D501FFD7}.Debug|TwinCAT RT (x86).Build.0 = Debug|TwinCAT RT (x86)
		{AB056B84-13CA-434D-B78D-E289D501FFD7}.Release|TwinCAT CE7 (ARMV7).ActiveCfg = Release|TwinCAT RT (x86)
		{AB056B84-13CA-434D-B78D-E289D501FFD7}.Release|TwinCAT CE7 (ARMV7).Build.0 = Release|TwinCAT RT (x86)
		{AB056B84-13CA-434D-B78D-E289D501FFD7}.Release|TwinCAT OS (ARMT2).ActiveCfg = Release|TwinCAT RT (x86)
		{AB056B84-13CA-434D-B78D-E289D501FFD7}.Release|TwinCAT OS (ARMT2).Build.0 = Release|TwinCAT RT (x86)
		{AB056B84-13CA-434D-B78D-E289D501FFD7}.Release|TwinCAT OS (ARMV7-A).ActiveCfg = Release|TwinCAT OS (ARMV7-A)
		{AB056B84-13CA-434D-B78D-E289D501FFD7}.Release|TwinCAT OS (ARMV7-A).Build.0 = Release|TwinCAT OS (ARMV7-A)
		{AB056B84-13CA-434D-B78D-E289D501FFD7}.Release|TwinCAT OS (ARMV7-M).ActiveCfg = Release|TwinCAT OS (ARMV7-M)
		{AB056B84-13CA-434D-B78D-E289D501FFD7}.Release|TwinCAT OS (ARMV7-M).Build.0 = Release|TwinCAT OS (ARMV7-M)
		{AB056B84-13CA-434D-B78D-E289D501FFD7}.Release|TwinCAT OS (ARMV8-A).ActiveCfg = Release|TwinCAT OS (ARMV8-A)
		{AB056B84-13CA-434D-B78D-E289D501FFD7}.Release|TwinCAT OS (ARMV8-A).Build.0 = Release|TwinCAT OS (ARMV8-A)
		{AB056B84-13CA-434D-B78D-E289D501FFD7}.Release|TwinCAT OS (x64).ActiveCfg = Release|TwinCAT OS (x64)
		{AB056B84-13CA-434D-B78D-E289D501FFD7}.Release|TwinCAT OS (x64).Build.0 = Release|TwinCAT OS (x64)
		{AB056B84-13CA-434D-B78D-E289D501FFD7}.Release|TwinCAT OS (x64-E).ActiveCfg = Release|TwinCAT OS (x64-E)
		{AB056B84-13CA-434D-B78D-E289D501FFD7}.Release|TwinCAT OS (x64-E).Build.0 = Release|TwinCAT OS (x64-E)
		{AB056B84-13CA-434D-B78D-E289D501FFD7}.Release|TwinCAT RT (x64).ActiveCfg = Release|TwinCAT RT (x64)
		{AB056B84-13CA-434D-B78D-E289D501FFD7}.Release|TwinCAT RT (x64).Build.0 = Release|TwinCAT RT (x64)
		{AB056B84-13CA-434D-B78D-E289D501FFD7}.Release|TwinCAT RT (x86).ActiveCfg = Release|TwinCAT RT (x86)
		{AB056B84-13CA-434D-B78D-E289D501FFD7}.Release|TwinCAT RT (x86).Build.0 = Release|TwinCAT RT (x86)
		{2C231A49-4C17-46D7-84FE-DEBB4777CA08}.Debug|TwinCAT CE7 (ARMV7).ActiveCfg = Debug|TwinCAT RT (x86)
		{2C231A49-4C17-46D7-84FE-DEBB4777CA08}.Debug|TwinCAT CE7 (ARMV7).Build.0 = Debug|TwinCAT RT (x86)
		{2C231A49-4C17-46D7-84FE-DEBB4777CA08}.Debug|TwinCAT OS (ARMT2).ActiveCfg = Debug|TwinCAT RT (x86)
		{2C231A49-4C17-46D7-84FE-DEBB4777CA08}.Debug|TwinCAT OS (ARMT2).Build.0 = Debug|TwinCAT RT (x86)
		{2C231A49-4C17-46D7-84FE-DEBB4777CA08}.Debug|TwinCAT OS (ARMV7-A).ActiveCfg = Debug|TwinCAT OS (ARMV7-A)
		{2C231A49-4C17-46D7-84FE-DEBB4777CA08}.Debug|TwinCAT OS (ARMV7-A).Build.0 = Debug|TwinCAT OS (ARMV7-A)
		{2C231A49-4C17-46D7-84FE-DEBB4777CA08}.Debug|TwinCAT OS (ARMV7-M).ActiveCfg = Debug|TwinCAT OS (ARMV7-M)
		{2C231A49-4C17-46D7-84FE-DEBB4777CA08}.Debug|TwinCAT OS (ARMV7-M).Build.0 = Debug|TwinCAT OS (ARMV7-M)
		{2C231A49-4C17-46D7-84FE-DEBB4777CA08}.Debug|TwinCAT OS (ARMV8-A).ActiveCfg = Debug|TwinCAT OS (ARMV8-A)
		{2C231A49-4C17-46D7-84FE-DEBB4777CA08}.Debug|TwinCAT OS (ARMV8-A).Build.0 = Debug|TwinCAT OS (ARMV8-A)
		{2C231A49-4C17-46D7-84FE-DEBB4777CA08}.Debug|TwinCAT OS (x64).ActiveCfg = Debug|TwinCAT OS (x64)
		{2C231A49-4C17-46D7-84FE-DEBB4777CA08}.Debug|TwinCAT OS (x64).Build.0 = Debug|TwinCAT OS (x64)
		{2C231A49-4C17-46D7-84FE-DEBB4777CA08}.Debug|TwinCAT OS (x64-E).ActiveCfg = Debug|TwinCAT OS (x64-E)
		{2C231A49-4C17-46D7-84FE-DEBB4777CA08}.Debug|TwinCAT OS (x64-E).Build.0 = Debug|TwinCAT OS (x64-E)
		{2C231A49-4C17-46D7-84FE-DEBB4777CA08}.Debug|TwinCAT RT (x64).ActiveCfg = Debug|TwinCAT RT (x64)
		{2C231A49-4C17-46D7-84FE-DEBB4777CA08}.Debug|TwinCAT RT (x64).Build.0 = Debug|TwinCAT RT (x64)
		{2C231A49-4C17-46D7-84FE-DEBB4777CA08}.Debug|TwinCAT RT (x86).ActiveCfg = Debug|TwinCAT RT (x86)
		{2C231A49-4C17-46D7-84FE-DEBB4777CA08}.Debug|TwinCAT RT (x86).Build.0 = Debug|TwinCAT RT (x86)
		{2C231A49-4C17-46D7-84FE-DEBB4777CA08}.Release|TwinCAT CE7 (ARMV7).ActiveCfg = Release|TwinCAT RT (x86)
		{2C231A49-4C17-46D7-84FE-DEBB4777CA08}.Release|TwinCAT CE7 (ARMV7).Build.0 = Release|TwinCAT RT (x86)
		{2C231A49-4C17-46D7-84FE-DEBB4777CA08}.Release|TwinCAT OS (ARMT2).ActiveCfg = Release|TwinCAT RT (x86)
		{2C231A49-4C17-46D7-84FE-DEBB4777CA08}.Release|TwinCAT OS (ARMT2).Build.0 = Release|TwinCAT RT (x86)
		{2C231A49-4C17-46D7-84FE-DEBB4777CA08}.Release|TwinCAT OS (ARMV7-A).ActiveCfg = Release|TwinCAT OS (ARMV7-A)
		{2C231A49-4C17-46D7-84FE-DEBB4777CA08}.Release|TwinCAT OS (ARMV7-A).Build.0 = Release|TwinCAT OS (ARMV7-A)
		{2C231A49-4C17-46D7-84FE-DEBB4777CA08}.Release|TwinCAT OS (ARMV7-M).ActiveCfg = Release|TwinCAT OS (ARMV7-M)
		{2C231A49-4C17-46D7-84FE-DEBB4777CA08}.Release|TwinCAT OS (ARMV7-M).Build.0 = Release|TwinCAT OS (ARMV7-M)
		{2C231A49-4C17-46D7-84FE-DEBB4777CA08}.Release|TwinCAT OS (ARMV8-A).ActiveCfg = Release|TwinCAT OS (ARMV8-A)
		{2C231A49-4C17-46D7-84FE-DEBB4777CA08}.Release|TwinCAT OS (ARMV8-A).Build.0 = Release|TwinCAT OS (ARMV8-A)
		{2C231A49-4C17-46D7-84FE-DEBB4777CA08}.Release|TwinCAT OS (x64).ActiveCfg = Release|TwinCAT OS (x64)
		{2C231A49-4C17-46D7-84FE-DEBB4777CA08}.Release|TwinCAT OS (x64).Build.0 = Release|TwinCAT OS (x64)
		{2C231A49-4C17-46D7-84FE-DEBB4777CA08}.Release|TwinCAT OS (x64-E).ActiveCfg = Release|TwinCAT OS (x64-E)
		{2C231A49-4C17-46D7-84FE-DEBB4777CA08}.Release|TwinCAT OS (x64-E).Build.0 = Release|TwinCAT OS (x64-E)
		{2C231A49-4C17-46D7-84FE-DEBB4777CA08}.Release|TwinCAT RT (x64).ActiveCfg = Release|TwinCAT RT (x64)
		{2C231A49-4C17-46D7-84FE-DEBB4777CA08}.Release|TwinCAT RT (x64).Build.0 = Release|TwinCAT RT (x64)
		{2C231A49-4C17-46D7-84FE-DEBB4777CA08}.Release|TwinCAT RT (x86).ActiveCfg = Release|TwinCAT RT (x86)
		{2C231A49-4C17-46D7-84FE-DEBB4777CA08}.Release|TwinCAT RT (x86).Build.0 = Release|TwinCAT RT (x86)
		{D827F53C-8854-432B-9782-7D484EAFD740}.Debug|TwinCAT CE7 (ARMV7).ActiveCfg = Debug|TwinCAT RT (x86)
		{D827F53C-8854-432B-9782-7D484EAFD740}.Debug|TwinCAT CE7 (ARMV7).Build.0 = Debug|TwinCAT RT (x86)
		{D827F53C-8854-432B-9782-7D484EAFD740}.Debug|TwinCAT OS (ARMT2).ActiveCfg = Debug|TwinCAT RT (x86)
		{D827F53C-8854-432B-9782-7D484EAFD740}.Debug|TwinCAT OS (ARMT2).Build.0 = Debug|TwinCAT RT (x86)
		{D827F53C-8854-432B-9782-7D484EAFD740}.Debug|TwinCAT OS (ARMV7-A).ActiveCfg = Debug|TwinCAT OS (ARMV7-A)
		{D827F53C-8854-432B-9782-7D484EAFD740}.Debug|TwinCAT OS (ARMV7-A).Build.0 = Debug|TwinCAT OS (ARMV7-A)
		{D827F53C-8854-432B-9782-7D484EAFD740}.Debug|TwinCAT OS (ARMV7-M).ActiveCfg = Debug|TwinCAT OS (ARMV7-M)
		{D827F53C-8854-432B-9782-7D484EAFD740}.Debug|TwinCAT OS (ARMV7-M).Build.0 = Debug|TwinCAT OS (ARMV7-M)
		{D827F53C-8854-432B-9782-7D484EAFD740}.Debug|TwinCAT OS (ARMV8-A).ActiveCfg = Debug|TwinCAT OS (ARMV8-A)
		{D827F53C-8854-432B-9782-7D484EAFD740}.Debug|TwinCAT OS (ARMV8-A).Build.0 = Debug|TwinCAT OS (ARMV8-A)
		{D827F53C-8854-432B-9782-7D484EAFD740}.Debug|TwinCAT OS (x64).ActiveCfg = Debug|TwinCAT OS (x64)
		{D827F53C-8854-432B-9782-7D484EAFD740}.Debug|TwinCAT OS (x64).Build.0 = Debug|TwinCAT OS (x64)
		{D827F53C-8854-432B-9782-7D484EAFD740}.Debug|TwinCAT OS (x64-E).ActiveCfg = Debug|TwinCAT OS (x64-E)
		{D827F53C-8854-432B-9782-7D484EAFD740}.Debug|TwinCAT OS (x64-E).Build.0 = Debug|TwinCAT OS (x64-E)
		{D827F53C-8854-432B-9782-7D484EAFD740}.Debug|TwinCAT RT (x64).ActiveCfg = Debug|TwinCAT RT (x64)
		{D827F53C-8854-432B-9782-7D484EAFD740}.Debug|TwinCAT RT (x64).Build.0 = Debug|TwinCAT RT (x64)
		{D827F53C-8854-432B-9782-7D484EAFD740}.Debug|TwinCAT RT (x86).ActiveCfg = Debug|TwinCAT RT (x86)
		{D827F53C-8854-432B-9782-7D484EAFD740}.Debug|TwinCAT RT (x86).Build.0 = Debug|TwinCAT RT (x86)
		{D827F53C-8854-432B-9782-7D484EAFD740}.Release|TwinCAT CE7 (ARMV7).ActiveCfg = Release|TwinCAT RT (x86)
		{D827F53C-8854-432B-9782-7D484EAFD740}.Release|TwinCAT CE7 (ARMV7).Build.0 = Release|TwinCAT RT (x86)
		{D827F53C-8854-432B-9782-7D484EAFD740}.Release|TwinCAT OS (ARMT2).ActiveCfg = Release|TwinCAT RT (x86)
		{D827F53C-8854-432B-9782-7D484EAFD740}.Release|TwinCAT OS (ARMT2).Build.0 = Release|TwinCAT RT (x86)
		{D827F53C-8854-432B-9782-7D484EAFD740}.Release|TwinCAT OS (ARMV7-A).ActiveCfg = Release|TwinCAT OS (ARMV7-A)
		{D827F53C-8854-432B-9782-7D484EAFD740}.Release|TwinCAT OS (ARMV7-A).Build.0 = Release|TwinCAT OS (ARMV7-A)
		{D827F53C-8854-432B-9782-7D484EAFD740}.Release|TwinCAT OS (ARMV7-M).ActiveCfg = Release|TwinCAT OS (ARMV7-M)
		{D827F53C-8854-432B-9782-7D484EAFD740}.Release|TwinCAT OS (ARMV7-M).Build.0 = Release|TwinCAT OS (ARMV7-M)
		{D827F53C-8854-432B-9782-7D484EAFD740}.Release|TwinCAT OS (ARMV8-A).ActiveCfg = Release|TwinCAT OS (ARMV8-A)
		{D827F53C-8854-432B-9782-7D484EAFD740}.Release|TwinCAT OS (ARMV8-A).Build.0 = Release|TwinCAT OS (ARMV8-A)
		{D827F53C-8854-432B-9782-7D484EAFD740}.Release|TwinCAT OS (x64).ActiveCfg = Release|TwinCAT OS (x64)
		{D827F53C-8854-432B-9782-7D484EAFD740}.Release|TwinCAT OS (x64).Build.0 = Release|TwinCAT OS (x64)
		{D827F53C-8854-432B-9782-7D484EAFD740}.Release|TwinCAT OS (x64-E).ActiveCfg = Release|TwinCAT OS (x64-E)
		{D827F53C-8854-432B-9782-7D484EAFD740}.Release|TwinCAT OS (x64-E).Build.0 = Release|TwinCAT OS (x64-E)
		{D827F53C-8854-432B-9782-7D484EAFD740}.Release|TwinCAT RT (x64).ActiveCfg = Release|TwinCAT RT (x64)
		{D827F53C-8854-432B-9782-7D484EAFD740}.Release|TwinCAT RT (x64).Build.0 = Release|TwinCAT RT (x64)
		{D827F53C-8854-432B-9782-7D484EAFD740}.Release|TwinCAT RT (x86).ActiveCfg = Release|TwinCAT RT (x86)
		{D827F53C-8854-432B-9782-7D484EAFD740}.Release|TwinCAT RT (x86).Build.0 = Release|TwinCAT RT (x86)
		{6F8BCD7A-E4DF-4318-B133-4A68BBEC0E3F}.Debug|TwinCAT CE7 (ARMV7).ActiveCfg = Debug|TwinCAT CE7 (ARMV7)
		{6F8BCD7A-E4DF-4318-B133-4A68BBEC0E3F}.Debug|TwinCAT CE7 (ARMV7).Build.0 = Debug|TwinCAT CE7 (ARMV7)
		{6F8BCD7A-E4DF-4318-B133-4A68BBEC0E3F}.Debug|TwinCAT OS (ARMT2).ActiveCfg = Debug|TwinCAT OS (ARMV7-M)
		{6F8BCD7A-E4DF-4318-B133-4A68BBEC0E3F}.Debug|TwinCAT OS (ARMT2).Build.0 = Debug|TwinCAT OS (ARMV7-M)
		{6F8BCD7A-E4DF-4318-B133-4A68BBEC0E3F}.Debug|TwinCAT OS (ARMV7-A).ActiveCfg = Debug|TwinCAT OS (ARMV7-A)
		{6F8BCD7A-E4DF-4318-B133-4A68BBEC0E3F}.Debug|TwinCAT OS (ARMV7-A).Build.0 = Debug|TwinCAT OS (ARMV7-A)
		{6F8BCD7A-E4DF-4318-B133-4A68BBEC0E3F}.Debug|TwinCAT OS (ARMV7-M).ActiveCfg = Debug|TwinCAT OS (ARMV7-M)
		{6F8BCD7A-E4DF-4318-B133-4A68BBEC0E3F}.Debug|TwinCAT OS (ARMV7-M).Build.0 = Debug|TwinCAT OS (ARMV7-M)
		{6F8BCD7A-E4DF-4318-B133-4A68BBEC0E3F}.Debug|TwinCAT OS (ARMV8-A).ActiveCfg = Debug|TwinCAT OS (ARMV8-A)
		{6F8BCD7A-E4DF-4318-B133-4A68BBEC0E3F}.Debug|TwinCAT OS (ARMV8-A).Build.0 = Debug|TwinCAT OS (ARMV8-A)
		{6F8BCD7A-E4DF-4318-B133-4A68BBEC0E3F}.Debug|TwinCAT OS (x64).ActiveCfg = Debug|TwinCAT OS (x64)
		{6F8BCD7A-E4DF-4318-B133-4A68BBEC0E3F}.Debug|TwinCAT OS (x64).Build.0 = Debug|TwinCAT OS (x64)
		{6F8BCD7A-E4DF-4318-B133-4A68BBEC0E3F}.Debug|TwinCAT OS (x64-E).ActiveCfg = Debug|TwinCAT OS (x64-E)
		{6F8BCD7A-E4DF-4318-B133-4A68BBEC0E3F}.Debug|TwinCAT OS (x64-E).Build.0 = Debug|TwinCAT OS (x64-E)
		{6F8BCD7A-E4DF-4318-B133-4A68BBEC0E3F}.Debug|TwinCAT RT (x64).ActiveCfg = Debug|TwinCAT RT (x64)
		{6F8BCD7A-E4DF-4318-B133-4A68BBEC0E3F}.Debug|TwinCAT RT (x64).Build.0 = Debug|TwinCAT RT (x64)
		{6F8BCD7A-E4DF-4318-B133-4A68BBEC0E3F}.Debug|TwinCAT RT (x86).ActiveCfg = Debug|TwinCAT RT (x86)
		{6F8BCD7A-E4DF-4318-B133-4A68BBEC0E3F}.Debug|TwinCAT RT (x86).Build.0 = Debug|TwinCAT RT (x86)
		{6F8BCD7A-E4DF-4318-B133-4A68BBEC0E3F}.Release|TwinCAT CE7 (ARMV7).ActiveCfg = Release|TwinCAT CE7 (ARMV7)
		{6F8BCD7A-E4DF-4318-B133-4A68BBEC0E3F}.Release|TwinCAT CE7 (ARMV7).Build.0 = Release|TwinCAT CE7 (ARMV7)
		{6F8BCD7A-E4DF-4318-B133-4A68BBEC0E3F}.Release|TwinCAT OS (ARMT2).ActiveCfg = Release|TwinCAT OS (ARMV7-M)
		{6F8BCD7A-E4DF-4318-B133-4A68BBEC0E3F}.Release|TwinCAT OS (ARMT2).Build.0 = Release|TwinCAT OS (ARMV7-M)
		{6F8BCD7A-E4DF-4318-B133-4A68BBEC0E3F}.Release|TwinCAT OS (ARMV7-A).ActiveCfg = Release|TwinCAT OS (ARMV7-A)
		{6F8BCD7A-E4DF-4318-B133-4A68BBEC0E3F}.Release|TwinCAT OS (ARMV7-A).Build.0 = Release|TwinCAT OS (ARMV7-A)
		{6F8BCD7A-E4DF-4318-B133-4A68BBEC0E3F}.Release|TwinCAT OS (ARMV7-M).ActiveCfg = Release|TwinCAT OS (ARMV7-M)
		{6F8BCD7A-E4DF-4318-B133-4A68BBEC0E3F}.Release|TwinCAT OS (ARMV7-M).Build.0 = Release|TwinCAT OS (ARMV7-M)
		{6F8BCD7A-E4DF-4318-B133-4A68BBEC0E3F}.Release|TwinCAT OS (ARMV8-A).ActiveCfg = Release|TwinCAT OS (ARMV8-A)
		{6F8BCD7A-E4DF-4318-B133-4A68BBEC0E3F}.Release|TwinCAT OS (ARMV8-A).Build.0 = Release|TwinCAT OS (ARMV8-A)
		{6F8BCD7A-E4DF-4318-B133-4A68BBEC0E3F}.Release|TwinCAT OS (x64).ActiveCfg = Release|TwinCAT OS (x64)
		{6F8BCD7A-E4DF-4318-B133-4A68BBEC0E3F}.Release|TwinCAT OS (x64).Build.0 = Release|TwinCAT OS (x64)
		{6F8BCD7A-E4DF-4318-B133-4A68BBEC0E3F}.Release|TwinCAT OS (x64-E).ActiveCfg = Release|TwinCAT OS (x64-E)
		{6F8BCD7A-E4DF-4318-B133-4A68BBEC0E3F}.Release|TwinCAT OS (x64-E).Build.0 = Release|TwinCAT OS (x64-E)
		{6F8BCD7A-E4DF-4318-B133-4A68BBEC0E3F}.Release|TwinCAT RT (x64).ActiveCfg = Release|TwinCAT RT (x64)
		{6F8BCD7A-E4DF-4318-B133-4A68BBEC0E3F}.Release|TwinCAT RT (x64).Build.0 = Release|TwinCAT RT (x64)
		{6F8BCD7A-E4DF-4318-B133-4A68BBEC0E3F}.Release|TwinCAT RT (x86).ActiveCfg = Release|TwinCAT RT (x86)
		{6F8BCD7A-E4DF-4318-B133-4A68BBEC0E3F}.Release|TwinCAT RT (x86).Build.0 = Release|TwinCAT RT (x86)
	EndGlobalSection
	GlobalSection(SolutionProperties) = preSolution
		HideSolutionNode = FALSE
	EndGlobalSection
	GlobalSection(ExtensibilityGlobals) = postSolution
		SolutionGuid = {6529BBBF-DA7B-4AB5-A4C3-732F5617695B}
	EndGlobalSection
EndGlobal
